
Microsoft Visual Studio Solution File, Format Version 12.00
# Visual Studio Version 17
VisualStudioVersion = 17.5.002.0
MinimumVisualStudioVersion = 10.0.40219.1
Project("{9A19103F-16F7-4668-BE54-9A1E7A4F7556}") = "sistema-agendamento", "sistema-agendamento.csproj", "{9FA3D203-FDBE-4EFD-816A-70A4D36561BF}"
EndProject
Global
	GlobalSection(SolutionConfigurationPlatforms) = preSolution
		Debug|Any CPU = Debug|Any CPU
		Release|Any CPU = Release|Any CPU
	EndGlobalSection
	GlobalSection(ProjectConfigurationPlatforms) = postSolution
		{9FA3D203-FDBE-4EFD-816A-70A4D36561BF}.Debug|Any CPU.ActiveCfg = Debug|Any CPU
		{9FA3D203-FDBE-4EFD-816A-70A4D36561BF}.Debug|Any CPU.Build.0 = Debug|Any CPU
		{9FA3D203-FDBE-4EFD-816A-70A4D36561BF}.Release|Any CPU.ActiveCfg = Release|Any CPU
		{9FA3D203-FDBE-4EFD-816A-70A4D36561BF}.Release|Any CPU.Build.0 = Release|Any CPU
	EndGlobalSection
	GlobalSection(SolutionProperties) = preSolution
		HideSolutionNode = FALSE
	EndGlobalSection
	GlobalSection(ExtensibilityGlobals) = postSolution
		SolutionGuid = {CC7F0B9F-A27D-4B54-B415-49A88B70A73F}
	EndGlobalSection
EndGlobal
